PODS:
  - MultiplatformBleAdapter (0.1.6)

DEPENDENCIES:
  - MultiplatformBleAdapter (from `https://github.com/BohdanIvanov/MultiPlatformBleAdapter.git`)

EXTERNAL SOURCES:
  MultiplatformBleAdapter:
    :git: https://github.com/BohdanIvanov/MultiPlatformBleAdapter.git

CHECKOUT OPTIONS:
  MultiplatformBleAdapter:
    :commit: d5a9669107db7ddb6191022185236dc8e7d3c3dc
    :git: https://github.com/BohdanIvanov/MultiPlatformBleAdapter.git

SPEC CHECKSUMS:
  MultiplatformBleAdapter: 652f47ecd7f5036756517cf66833210709a72eab

PODFILE CHECKSUM: 0d74fe728494a6439d360d63ce4d67733928a98c

COCOAPODS: 1.9.1
