PODS:
  - MultiplatformBleAdapter (0.1.6)

DEPENDENCIES:
  - MultiplatformBleAdapter (from `https://github.com/BohdanIvanov/MultiPlatformBleAdapter.git`, commit `1ac004aa5179d7075f489706aa4c489262b5fe2d`)

EXTERNAL SOURCES:
  MultiplatformBleAdapter:
    :commit: 1ac004aa5179d7075f489706aa4c489262b5fe2d
    :git: https://github.com/BohdanIvanov/MultiPlatformBleAdapter.git

CHECKOUT OPTIONS:
  MultiplatformBleAdapter:
    :commit: 1ac004aa5179d7075f489706aa4c489262b5fe2d
    :git: https://github.com/BohdanIvanov/MultiPlatformBleAdapter.git

SPEC CHECKSUMS:
  MultiplatformBleAdapter: 652f47ecd7f5036756517cf66833210709a72eab

PODFILE CHECKSUM: ce063f76b764b0ea3a351ff2497af906e66eee55

COCOAPODS: 1.9.1
